
Microsoft Visual Studio Solution File, Format Version 12.00
# Visual Studio Version 17
VisualStudioVersion = 17.12.35514.174 d17.12
MinimumVisualStudioVersion = 10.0.40219.1
Project("{FAE04EC0-301F-11D3-BF4B-00C04F79EFBC}") = "BSNU-Api", "BSNU-Api.csproj", "{78573990-1EAA-4ACA-8AE9-DAECBF15300B}"
EndProject
Project("{FAE04EC0-301F-11D3-BF4B-00C04F79EFBC}") = "BSNUDashboard", "..\BSNUDashboard\BSNUDashboard.csproj", "{CDD93059-A5F5-4A55-8CCC-90F053B63021}"
EndProject
Project("{FAE04EC0-301F-11D3-BF4B-00C04F79EFBC}") = "BSNU.Core", "..\BSNU.Core\BSNU.Core.csproj", "{FC9C2901-F812-40B5-BB82-1045E55B10B9}"
EndProject
Project("{FAE04EC0-301F-11D3-BF4B-00C04F79EFBC}") = "BSNU.Repository", "..\BSNU.Repository\BSNU.Repository.csproj", "{804C87A1-C43E-4D77-AAF0-E9A38AABBDCF}"
EndProject
Project("{FAE04EC0-301F-11D3-BF4B-00C04F79EFBC}") = "BSNU.Service", "..\BSNU.Service\BSNU.Service.csproj", "{8E5F6E3C-C366-4D78-9D01-4A3FCC6842A1}"
EndProject
Global
	GlobalSection(SolutionConfigurationPlatforms) = preSolution
		Debug|Any CPU = Debug|Any CPU
		Release|Any CPU = Release|Any CPU
	EndGlobalSection
	GlobalSection(ProjectConfigurationPlatforms) = postSolution
		{78573990-1EAA-4ACA-8AE9-DAECBF15300B}.Debug|Any CPU.ActiveCfg = Debug|Any CPU
		{78573990-1EAA-4ACA-8AE9-DAECBF15300B}.Debug|Any CPU.Build.0 = Debug|Any CPU
		{78573990-1EAA-4ACA-8AE9-DAECBF15300B}.Release|Any CPU.ActiveCfg = Release|Any CPU
		{78573990-1EAA-4ACA-8AE9-DAECBF15300B}.Release|Any CPU.Build.0 = Release|Any CPU
		{CDD93059-A5F5-4A55-8CCC-90F053B63021}.Debug|Any CPU.ActiveCfg = Debug|Any CPU
		{CDD93059-A5F5-4A55-8CCC-90F053B63021}.Debug|Any CPU.Build.0 = Debug|Any CPU
		{CDD93059-A5F5-4A55-8CCC-90F053B63021}.Release|Any CPU.ActiveCfg = Release|Any CPU
		{CDD93059-A5F5-4A55-8CCC-90F053B63021}.Release|Any CPU.Build.0 = Release|Any CPU
		{FC9C2901-F812-40B5-BB82-1045E55B10B9}.Debug|Any CPU.ActiveCfg = Debug|Any CPU
		{FC9C2901-F812-40B5-BB82-1045E55B10B9}.Debug|Any CPU.Build.0 = Debug|Any CPU
		{FC9C2901-F812-40B5-BB82-1045E55B10B9}.Release|Any CPU.ActiveCfg = Release|Any CPU
		{FC9C2901-F812-40B5-BB82-1045E55B10B9}.Release|Any CPU.Build.0 = Release|Any CPU
		{804C87A1-C43E-4D77-AAF0-E9A38AABBDCF}.Debug|Any CPU.ActiveCfg = Debug|Any CPU
		{804C87A1-C43E-4D77-AAF0-E9A38AABBDCF}.Debug|Any CPU.Build.0 = Debug|Any CPU
		{804C87A1-C43E-4D77-AAF0-E9A38AABBDCF}.Release|Any CPU.ActiveCfg = Release|Any CPU
		{804C87A1-C43E-4D77-AAF0-E9A38AABBDCF}.Release|Any CPU.Build.0 = Release|Any CPU
		{8E5F6E3C-C366-4D78-9D01-4A3FCC6842A1}.Debug|Any CPU.ActiveCfg = Debug|Any CPU
		{8E5F6E3C-C366-4D78-9D01-4A3FCC6842A1}.Debug|Any CPU.Build.0 = Debug|Any CPU
		{8E5F6E3C-C366-4D78-9D01-4A3FCC6842A1}.Release|Any CPU.ActiveCfg = Release|Any CPU
		{8E5F6E3C-C366-4D78-9D01-4A3FCC6842A1}.Release|Any CPU.Build.0 = Release|Any CPU
	EndGlobalSection
	GlobalSection(SolutionProperties) = preSolution
		HideSolutionNode = FALSE
	EndGlobalSection
EndGlobal
